{"version":4,"terraform_version":"1.10.7","serial":7,"lineage":"40830cf8-f042-46ad-5718-56de35cecfc7","outputs":{},"resources":[{"mode":"managed","type":"kafka_topic","name":"notification-sender_sent-event","provider":"provider[\"registry.opentofu.org/mongey/kafka\"]","instances":[{"schema_version":0,"attributes":{"config":{"cleanup.policy":"compact"},"id":"notification-sender.sent-event","name":"notification-sender.sent-event","partitions":1,"replication_factor":3},"sensitive_attributes":[],"private":"bnVsbA=="}]}],"check_results":null}
