{"version":4,"terraform_version":"1.10.6","serial":4,"lineage":"40830cf8-f042-46ad-5718-56de35cecfc7","outputs":{},"resources":[{"mode":"managed","type":"kafka_topic","name":"subscription_charge-requested","provider":"provider[\"registry.opentofu.org/mongey/kafka\"]","instances":[{"schema_version":0,"attributes":{"config":{"cleanup.policy":"compact"},"id":"subscription.charge-requested","name":"subscription.charge-requested","partitions":1,"replication_factor":1},"sensitive_attributes":[],"private":"bnVsbA=="}]},{"mode":"managed","type":"kafka_topic","name":"subscription_created","provider":"provider[\"registry.opentofu.org/mongey/kafka\"]","instances":[{"schema_version":0,"attributes":{"config":{"cleanup.policy":"compact"},"id":"subscription.created","name":"subscription.created","partitions":1,"replication_factor":1},"sensitive_attributes":[],"private":"bnVsbA=="}]},{"mode":"managed","type":"kafka_topic","name":"subscription_disabled","provider":"provider[\"registry.opentofu.org/mongey/kafka\"]","instances":[{"schema_version":0,"attributes":{"config":{"cleanup.policy":"compact"},"id":"subscription.disabled","name":"subscription.disabled","partitions":1,"replication_factor":1},"sensitive_attributes":[],"private":"bnVsbA=="}]}],"check_results":null}
